lockfileVersion: '9.0'

settings:
  autoInstallPeers: true
  excludeLinksFromLockfile: false

importers:

  .:
    devDependencies:
      '@antfu/ni':
        specifier: ^25.0.0
        version: 25.0.0

packages:

  '@antfu/ni@25.0.0':
    resolution: {integrity: sha512-9q/yCljni37pkMr4sPrI3G4jqdIk074+iukc5aFJl7kmDCCsiJrbZ6zKxnES1Gwg+i9RcDZwvktl23puGslmvA==}
    hasBin: true

  ansis@4.1.0:
    resolution: {integrity: sha512-BGcItUBWSMRgOCe+SVZJ+S7yTRG0eGt9cXAHev72yuGcY23hnLA7Bky5L/xLyPINoSN95geovfBkqoTlNZYa7w==}
    engines: {node: '>=14'}

  fzf@0.5.2:
    resolution: {integrity: sha512-Tt4kuxLXFKHy8KT40zwsUPUkg1CrsgY25FxA2U/j/0WgEDCk3ddc/zLTCCcbSHX9FcKtLuVaDGtGE/STWC+j3Q==}

  package-manager-detector@1.3.0:
    resolution: {integrity: sha512-ZsEbbZORsyHuO00lY1kV3/t72yp6Ysay6Pd17ZAlNGuGwmWDLCJxFpRs0IzfXfj1o4icJOkUEioexFHzyPurSQ==}

  tinyexec@1.0.1:
    resolution: {integrity: sha512-5uC6DDlmeqiOwCPmK9jMSdOuZTh8bU39Ys6yidB+UTt5hfZUPGAypSgFRiEp+jbi9qH40BLDvy85jIU88wKSqw==}

snapshots:

  '@antfu/ni@25.0.0':
    dependencies:
      ansis: 4.1.0
      fzf: 0.5.2
      package-manager-detector: 1.3.0
      tinyexec: 1.0.1

  ansis@4.1.0: {}

  fzf@0.5.2: {}

  package-manager-detector@1.3.0: {}

  tinyexec@1.0.1: {}
